
Microsoft Visual Studio Solution File, Format Version 12.00
# Visual Studio Version 16
VisualStudioVersion = 16.0.31205.134
MinimumVisualStudioVersion = 10.0.40219.1
Project("{8BC9CEB8-8B4A-11D0-8D11-00A0C91BC942}") = "stringuil_test", "stringuil_test.vcxproj", "{FD0ED8FD-461F-4BDC-BC13-2E309601440B}"
EndProject
Global
	GlobalSection(SolutionConfigurationPlatforms) = preSolution
		Debug|x64 = Debug|x64
		Debug|x86 = Debug|x86
		Release|x64 = Release|x64
		Release|x86 = Release|x86
	EndGlobalSection
	GlobalSection(ProjectConfigurationPlatforms) = postSolution
		{FD0ED8FD-461F-4BDC-BC13-2E309601440B}.Debug|x64.ActiveCfg = Debug|x64
		{FD0ED8FD-461F-4BDC-BC13-2E309601440B}.Debug|x64.Build.0 = Debug|x64
		{FD0ED8FD-461F-4BDC-BC13-2E309601440B}.Debug|x86.ActiveCfg = Debug|Win32
		{FD0ED8FD-461F-4BDC-BC13-2E309601440B}.Debug|x86.Build.0 = Debug|Win32
		{FD0ED8FD-461F-4BDC-BC13-2E309601440B}.Release|x64.ActiveCfg = Release|x64
		{FD0ED8FD-461F-4BDC-BC13-2E309601440B}.Release|x64.Build.0 = Release|x64
		{FD0ED8FD-461F-4BDC-BC13-2E309601440B}.Release|x86.ActiveCfg = Release|Win32
		{FD0ED8FD-461F-4BDC-BC13-2E309601440B}.Release|x86.Build.0 = Release|Win32
	EndGlobalSection
	GlobalSection(SolutionProperties) = preSolution
		HideSolutionNode = FALSE
	EndGlobalSection
	GlobalSection(ExtensibilityGlobals) = postSolution
		SolutionGuid = {F788F879-464E-48CA-A7AF-FD70BB8E73B3}
	EndGlobalSection
EndGlobal
