
Microsoft Visual Studio Solution File, Format Version 12.00
# Visual Studio Version 16
VisualStudioVersion = 16.0.31313.79
MinimumVisualStudioVersion = 10.0.40219.1
Project("{8BC9CEB8-8B4A-11D0-8D11-00A0C91BC942}") = "steamapps", "steamapps\steamapps.vcxproj", "{1440F046-ACA6-432F-83C4-804373E14DE7}"
EndProject
Global
	GlobalSection(SolutionConfigurationPlatforms) = preSolution
		Debug|x64 = Debug|x64
		Debug|x86 = Debug|x86
		Release|x64 = Release|x64
		Release|x86 = Release|x86
	EndGlobalSection
	GlobalSection(ProjectConfigurationPlatforms) = postSolution
		{1440F046-ACA6-432F-83C4-804373E14DE7}.Debug|x64.ActiveCfg = Debug|x64
		{1440F046-ACA6-432F-83C4-804373E14DE7}.Debug|x64.Build.0 = Debug|x64
		{1440F046-ACA6-432F-83C4-804373E14DE7}.Debug|x86.ActiveCfg = Debug|Win32
		{1440F046-ACA6-432F-83C4-804373E14DE7}.Debug|x86.Build.0 = Debug|Win32
		{1440F046-ACA6-432F-83C4-804373E14DE7}.Release|x64.ActiveCfg = Release|x64
		{1440F046-ACA6-432F-83C4-804373E14DE7}.Release|x64.Build.0 = Release|x64
		{1440F046-ACA6-432F-83C4-804373E14DE7}.Release|x86.ActiveCfg = Release|Win32
		{1440F046-ACA6-432F-83C4-804373E14DE7}.Release|x86.Build.0 = Release|Win32
	EndGlobalSection
	GlobalSection(SolutionProperties) = preSolution
		HideSolutionNode = FALSE
	EndGlobalSection
	GlobalSection(ExtensibilityGlobals) = postSolution
		SolutionGuid = {14BB31DB-652C-44F5-BB22-D97DE583AAD8}
	EndGlobalSection
EndGlobal
