
Microsoft Visual Studio Solution File, Format Version 12.00
# Visual Studio Version 16
VisualStudioVersion = 16.0.31205.134
MinimumVisualStudioVersion = 10.0.40219.1
Project("{8BC9CEB8-8B4A-11D0-8D11-00A0C91BC942}") = "MFCWebView2", "MFCWebView2\MFCWebView2.vcxproj", "{6B82E0A8-6517-46BE-AC88-8AE6CE1DC3F4}"
EndProject
Global
	GlobalSection(SolutionConfigurationPlatforms) = preSolution
		Debug|x64 = Debug|x64
		Debug|x86 = Debug|x86
		Release|x64 = Release|x64
		Release|x86 = Release|x86
	EndGlobalSection
	GlobalSection(ProjectConfigurationPlatforms) = postSolution
		{6B82E0A8-6517-46BE-AC88-8AE6CE1DC3F4}.Debug|x64.ActiveCfg = Debug|x64
		{6B82E0A8-6517-46BE-AC88-8AE6CE1DC3F4}.Debug|x64.Build.0 = Debug|x64
		{6B82E0A8-6517-46BE-AC88-8AE6CE1DC3F4}.Debug|x86.ActiveCfg = Debug|Win32
		{6B82E0A8-6517-46BE-AC88-8AE6CE1DC3F4}.Debug|x86.Build.0 = Debug|Win32
		{6B82E0A8-6517-46BE-AC88-8AE6CE1DC3F4}.Release|x64.ActiveCfg = Release|x64
		{6B82E0A8-6517-46BE-AC88-8AE6CE1DC3F4}.Release|x64.Build.0 = Release|x64
		{6B82E0A8-6517-46BE-AC88-8AE6CE1DC3F4}.Release|x86.ActiveCfg = Release|Win32
		{6B82E0A8-6517-46BE-AC88-8AE6CE1DC3F4}.Release|x86.Build.0 = Release|Win32
	EndGlobalSection
	GlobalSection(SolutionProperties) = preSolution
		HideSolutionNode = FALSE
	EndGlobalSection
	GlobalSection(ExtensibilityGlobals) = postSolution
		SolutionGuid = {16CC96D4-D78B-48C9-BA8E-97BE35FA44E5}
	EndGlobalSection
EndGlobal
